
Microsoft Visual Studio Solution File, Format Version 12.00
# Visual Studio Version 17
VisualStudioVersion = 17.3.32804.467
MinimumVisualStudioVersion = 10.0.40219.1
Project("{FAE04EC0-301F-11D3-BF4B-00C04F79EFBC}") = "ProjetoNumeroPrimo", "ProjetoNumeroPrimo.csproj", "{2ED15D15-19DA-47B2-984F-03B4EBBFF395}"
EndProject
Global
	GlobalSection(SolutionConfigurationPlatforms) = preSolution
		Debug|Any CPU = Debug|Any CPU
		Release|Any CPU = Release|Any CPU
	EndGlobalSection
	GlobalSection(ProjectConfigurationPlatforms) = postSolution
		{2ED15D15-19DA-47B2-984F-03B4EBBFF395}.Debug|Any CPU.ActiveCfg = Debug|Any CPU
		{2ED15D15-19DA-47B2-984F-03B4EBBFF395}.Debug|Any CPU.Build.0 = Debug|Any CPU
		{2ED15D15-19DA-47B2-984F-03B4EBBFF395}.Release|Any CPU.ActiveCfg = Release|Any CPU
		{2ED15D15-19DA-47B2-984F-03B4EBBFF395}.Release|Any CPU.Build.0 = Release|Any CPU
	EndGlobalSection
	GlobalSection(SolutionProperties) = preSolution
		HideSolutionNode = FALSE
	EndGlobalSection
	GlobalSection(ExtensibilityGlobals) = postSolution
		SolutionGuid = {39DEFFC5-75B3-4B2C-BFBC-50711145E7C0}
	EndGlobalSection
EndGlobal
